
Microsoft Visual Studio Solution File, Format Version 12.00
# Visual Studio Version 16
VisualStudioVersion = 16.0.31702.278
MinimumVisualStudioVersion = 10.0.40219.1
Project("{FAE04EC0-301F-11D3-BF4B-00C04F79EFBC}") = "AmazingJob", "AmazingJob\AmazingJob.csproj", "{C1852973-249F-4C0E-808F-F9FC4D65ACD5}"
EndProject
Project("{2150E333-8FDC-42A3-9474-1A3956D46DE8}") = "DryRun", "DryRun", "{D0776585-313C-4A97-9622-45A0ACC6CD80}"
EndProject
Project("{FAE04EC0-301F-11D3-BF4B-00C04F79EFBC}") = "IncredibleJob", "IncredibleJob\IncredibleJob.csproj", "{99063CC7-9C8F-4AE0-9E8B-E3B8D665D5CD}"
EndProject
Global
	GlobalSection(SolutionConfigurationPlatforms) = preSolution
		Debug|Any CPU = Debug|Any CPU
		Release|Any CPU = Release|Any CPU
	EndGlobalSection
	GlobalSection(ProjectConfigurationPlatforms) = postSolution
		{C1852973-249F-4C0E-808F-F9FC4D65ACD5}.Debug|Any CPU.ActiveCfg = Debug|Any CPU
		{C1852973-249F-4C0E-808F-F9FC4D65ACD5}.Debug|Any CPU.Build.0 = Debug|Any CPU
		{C1852973-249F-4C0E-808F-F9FC4D65ACD5}.Release|Any CPU.ActiveCfg = Release|Any CPU
		{C1852973-249F-4C0E-808F-F9FC4D65ACD5}.Release|Any CPU.Build.0 = Release|Any CPU
		{99063CC7-9C8F-4AE0-9E8B-E3B8D665D5CD}.Debug|Any CPU.ActiveCfg = Debug|Any CPU
		{99063CC7-9C8F-4AE0-9E8B-E3B8D665D5CD}.Debug|Any CPU.Build.0 = Debug|Any CPU
		{99063CC7-9C8F-4AE0-9E8B-E3B8D665D5CD}.Release|Any CPU.ActiveCfg = Release|Any CPU
		{99063CC7-9C8F-4AE0-9E8B-E3B8D665D5CD}.Release|Any CPU.Build.0 = Release|Any CPU
	EndGlobalSection
	GlobalSection(SolutionProperties) = preSolution
		HideSolutionNode = FALSE
	EndGlobalSection
	GlobalSection(NestedProjects) = preSolution
		{C1852973-249F-4C0E-808F-F9FC4D65ACD5} = {D0776585-313C-4A97-9622-45A0ACC6CD80}
		{99063CC7-9C8F-4AE0-9E8B-E3B8D665D5CD} = {D0776585-313C-4A97-9622-45A0ACC6CD80}
	EndGlobalSection
	GlobalSection(ExtensibilityGlobals) = postSolution
		SolutionGuid = {3BABF94D-EA84-4BD9-B6B0-88F3964F31CA}
	EndGlobalSection
EndGlobal
